
Microsoft Visual Studio Solution File, Format Version 12.00
# Visual Studio 2012
Project("{8BC9CEB8-8B4A-11D0-8D11-00A0C91BC942}") = "IN_SDL_Demo", "IN_SDL_Demo.vcxproj", "{4705E110-9482-463E-B099-A5E7DE42C19A}"
EndProject
Global
	GlobalSection(SolutionConfigurationPlatforms) = preSolution
		Debug|Win32 = Debug|Win32
		Release|Win32 = Release|Win32
	EndGlobalSection
	GlobalSection(ProjectConfigurationPlatforms) = postSolution
		{4705E110-9482-463E-B099-A5E7DE42C19A}.Debug|Win32.ActiveCfg = Debug|Win32
		{4705E110-9482-463E-B099-A5E7DE42C19A}.Debug|Win32.Build.0 = Debug|Win32
		{4705E110-9482-463E-B099-A5E7DE42C19A}.Release|Win32.ActiveCfg = Release|Win32
		{4705E110-9482-463E-B099-A5E7DE42C19A}.Release|Win32.Build.0 = Release|Win32
	EndGlobalSection
	GlobalSection(SolutionProperties) = preSolution
		HideSolutionNode = FALSE
	EndGlobalSection
EndGlobal
