<?xml version="1.0" encoding="utf-8"?>
<Project ToolsVersion="4.0" xmlns="http://schemas.microsoft.com/developer/msbuild/2003">
  <ItemGroup>
    <Filter Include="Source Files">
      <UniqueIdentifier>{4FC737F1-C7A5-4376-A066-2A32D752A2FF}</UniqueIdentifier>
      <Extensions>cpp;c;cc;cxx;def;odl;idl;hpj;bat;asm;asmx</Extensions>
    </Filter>
    <Filter Include="Header Files">
      <UniqueIdentifier>{93995380-89BD-4b04-88EB-625FBE52EBFB}</UniqueIdentifier>
      <Extensions>h;hpp;hxx;hm;inl;inc;xsd</Extensions>
    </Filter>
    <Filter Include="Resource Files">
      <UniqueIdentifier>{67DA6AB6-F800-4c08-8B7A-83BB121AAD01}</UniqueIdentifier>
      <Extensions>rc;ico;cur;bmp;dlg;rc2;rct;bin;rgs;gif;jpg;jpeg;jpe;resx;tiff;tif;png;wav</Extensions>
    </Filter>
  </ItemGroup>
  <ItemGroup>
    <ClCompile Include="sources\confReader.cpp">
      <Filter>Source Files</Filter>
    </ClCompile>
    <ClCompile Include="sources\exception.cpp">
      <Filter>Source Files</Filter>
    </ClCompile>
    <ClCompile Include="sources\in_scene.cpp">
      <Filter>Source Files</Filter>
    </ClCompile>
    <ClCompile Include="sources\main.cpp">
      <Filter>Source Files</Filter>
    </ClCompile>
    <ClCompile Include="sources\mini_camera.cpp">
      <Filter>Source Files</Filter>
    </ClCompile>
    <ClCompile Include="sources\mini_collision.cpp">
      <Filter>Source Files</Filter>
    </ClCompile>
    <ClCompile Include="sources\mini_material.cpp">
      <Filter>Source Files</Filter>
    </ClCompile>
    <ClCompile Include="sources\mini_mesh.cpp">
      <Filter>Source Files</Filter>
    </ClCompile>
    <ClCompile Include="sources\mini_sceneGraph.cpp">
      <Filter>Source Files</Filter>
    </ClCompile>
    <ClCompile Include="sources\mini_sceneNode.cpp">
      <Filter>Source Files</Filter>
    </ClCompile>
    <ClCompile Include="sources\mini_xfileLoader.cpp">
      <Filter>Source Files</Filter>
    </ClCompile>
    <ClCompile Include="sources\mini_xfileToken.cpp">
      <Filter>Source Files</Filter>
    </ClCompile>
    <ClCompile Include="sources\sdl_application.cpp">
      <Filter>Source Files</Filter>
    </ClCompile>
    <ClCompile Include="sources\util.cpp">
      <Filter>Source Files</Filter>
    </ClCompile>
    <ClCompile Include="sources\window_base.cpp">
      <Filter>Source Files</Filter>
    </ClCompile>
    <ClCompile Include="sources\opengl\arrayBuffer.cpp">
      <Filter>Source Files</Filter>
    </ClCompile>
    <ClCompile Include="sources\opengl\Geometry.cpp">
      <Filter>Source Files</Filter>
    </ClCompile>
    <ClCompile Include="sources\opengl\GLCaps.cpp">
      <Filter>Source Files</Filter>
    </ClCompile>
    <ClCompile Include="sources\opengl\GLStateManager.cpp">
      <Filter>Source Files</Filter>
    </ClCompile>
    <ClCompile Include="sources\opengl\gl_utils.cpp">
      <Filter>Source Files</Filter>
    </ClCompile>
    <ClCompile Include="sources\opengl\Material.cpp">
      <Filter>Source Files</Filter>
    </ClCompile>
    <ClCompile Include="sources\opengl\shader.cpp">
      <Filter>Source Files</Filter>
    </ClCompile>
    <ClCompile Include="sources\opengl\TextRenderer.cpp">
      <Filter>Source Files</Filter>
    </ClCompile>
    <ClCompile Include="sources\opengl\texture2d.cpp">
      <Filter>Source Files</Filter>
    </ClCompile>
    <ClCompile Include="sources\opengl\TexturedMaterial.cpp">
      <Filter>Source Files</Filter>
    </ClCompile>
    <ClCompile Include="sources\vtf\atomics.cpp">
      <Filter>Source Files</Filter>
    </ClCompile>
    <ClCompile Include="sources\vtf\pointer\RefObject.cpp">
      <Filter>Source Files</Filter>
    </ClCompile>
  </ItemGroup>
  <ItemGroup>
    <ClInclude Include="sources\confReader.h">
      <Filter>Header Files</Filter>
    </ClInclude>
    <ClInclude Include="sources\exception.h">
      <Filter>Header Files</Filter>
    </ClInclude>
    <ClInclude Include="sources\in_scene.h">
      <Filter>Header Files</Filter>
    </ClInclude>
    <ClInclude Include="sources\mini_camera.h">
      <Filter>Header Files</Filter>
    </ClInclude>
    <ClInclude Include="sources\mini_collision.h">
      <Filter>Header Files</Filter>
    </ClInclude>
    <ClInclude Include="sources\mini_fpsCounter.h">
      <Filter>Header Files</Filter>
    </ClInclude>
    <ClInclude Include="sources\mini_material.h">
      <Filter>Header Files</Filter>
    </ClInclude>
    <ClInclude Include="sources\mini_mesh.h">
      <Filter>Header Files</Filter>
    </ClInclude>
    <ClInclude Include="sources\mini_sceneGraph.h">
      <Filter>Header Files</Filter>
    </ClInclude>
    <ClInclude Include="sources\mini_sceneNode.h">
      <Filter>Header Files</Filter>
    </ClInclude>
    <ClInclude Include="sources\mini_xfileLoader.h">
      <Filter>Header Files</Filter>
    </ClInclude>
    <ClInclude Include="sources\mini_xfileToken.h">
      <Filter>Header Files</Filter>
    </ClInclude>
    <ClInclude Include="sources\sdl_application.h">
      <Filter>Header Files</Filter>
    </ClInclude>
    <ClInclude Include="sources\util.h">
      <Filter>Header Files</Filter>
    </ClInclude>
    <ClInclude Include="sources\window_base.h">
      <Filter>Header Files</Filter>
    </ClInclude>
    <ClInclude Include="sources\opengl\arrayBuffer.h">
      <Filter>Header Files</Filter>
    </ClInclude>
    <ClInclude Include="sources\opengl\Geometry.h">
      <Filter>Header Files</Filter>
    </ClInclude>
    <ClInclude Include="sources\opengl\GLCaps.h">
      <Filter>Header Files</Filter>
    </ClInclude>
    <ClInclude Include="sources\opengl\GLStateManager.h">
      <Filter>Header Files</Filter>
    </ClInclude>
    <ClInclude Include="sources\opengl\gl_utils.h">
      <Filter>Header Files</Filter>
    </ClInclude>
    <ClInclude Include="sources\opengl\Material.h">
      <Filter>Header Files</Filter>
    </ClInclude>
    <ClInclude Include="sources\opengl\myGL.h">
      <Filter>Header Files</Filter>
    </ClInclude>
    <ClInclude Include="sources\opengl\shader.h">
      <Filter>Header Files</Filter>
    </ClInclude>
    <ClInclude Include="sources\opengl\TextRenderer.h">
      <Filter>Header Files</Filter>
    </ClInclude>
    <ClInclude Include="sources\opengl\texture2d.h">
      <Filter>Header Files</Filter>
    </ClInclude>
    <ClInclude Include="sources\opengl\TexturedMaterial.h">
      <Filter>Header Files</Filter>
    </ClInclude>
    <ClInclude Include="sources\vtf\atomics.h">
      <Filter>Header Files</Filter>
    </ClInclude>
    <ClInclude Include="sources\vtf\pointer\ownptr.h">
      <Filter>Header Files</Filter>
    </ClInclude>
    <ClInclude Include="sources\vtf\pointer\RefObject.h">
      <Filter>Header Files</Filter>
    </ClInclude>
    <ClInclude Include="sources\vtf\pointer\refptr.h">
      <Filter>Header Files</Filter>
    </ClInclude>
  </ItemGroup>
  <ItemGroup>
    <None Include="sources\opengl\GLExts.inl">
      <Filter>Header Files</Filter>
    </None>
  </ItemGroup>
</Project>